
Microsoft Visual Studio Solution File, Format Version 10.00
# Visual Studio 2008
Project("{8BC9CEB8-8B4A-11D0-8D11-00A0C91BC942}") = "UniCore", "UniCore\UniCore.vcproj", "{DB29D200-F23C-47D5-A1D1-B1B645F5F138}"
EndProject
Project("{8BC9CEB8-8B4A-11D0-8D11-00A0C91BC942}") = "UniUI", "UniUI\UniUI.vcproj", "{D319ABBE-B018-49D8-A0CE-0F95A7905D0C}"
	GlobalSection(Qt) = preSolution
		Integration = True
	EndGlobalSection
EndProject
Project("{8BC9CEB8-8B4A-11D0-8D11-00A0C91BC942}") = "UPacketView_Dev", "UPacketView_Dev\UPacketView_Dev.vcproj", "{2BCD9DC3-51F0-4ED9-AFC2-31CC6C1B29EB}"
	GlobalSection(Qt) = preSolution
		Integration = True
	EndGlobalSection
EndProject
Global
	GlobalSection(SolutionConfigurationPlatforms) = preSolution
		Debug|Win32 = Debug|Win32
		MD|Win32 = MD|Win32
		MDd|Win32 = MDd|Win32
		MT|Win32 = MT|Win32
		MTd|Win32 = MTd|Win32
		Release|Win32 = Release|Win32
	EndGlobalSection
	GlobalSection(ProjectConfigurationPlatforms) = postSolution
		{DB29D200-F23C-47D5-A1D1-B1B645F5F138}.Debug|Win32.ActiveCfg = MT|Win32
		{DB29D200-F23C-47D5-A1D1-B1B645F5F138}.Debug|Win32.Build.0 = MT|Win32
		{DB29D200-F23C-47D5-A1D1-B1B645F5F138}.MD|Win32.ActiveCfg = MD|Win32
		{DB29D200-F23C-47D5-A1D1-B1B645F5F138}.MD|Win32.Build.0 = MD|Win32
		{DB29D200-F23C-47D5-A1D1-B1B645F5F138}.MDd|Win32.ActiveCfg = MDd|Win32
		{DB29D200-F23C-47D5-A1D1-B1B645F5F138}.MDd|Win32.Build.0 = MDd|Win32
		{DB29D200-F23C-47D5-A1D1-B1B645F5F138}.MT|Win32.ActiveCfg = MT|Win32
		{DB29D200-F23C-47D5-A1D1-B1B645F5F138}.MT|Win32.Build.0 = MT|Win32
		{DB29D200-F23C-47D5-A1D1-B1B645F5F138}.MTd|Win32.ActiveCfg = MTd|Win32
		{DB29D200-F23C-47D5-A1D1-B1B645F5F138}.MTd|Win32.Build.0 = MTd|Win32
		{DB29D200-F23C-47D5-A1D1-B1B645F5F138}.Release|Win32.ActiveCfg = MT|Win32
		{DB29D200-F23C-47D5-A1D1-B1B645F5F138}.Release|Win32.Build.0 = MT|Win32
		{D319ABBE-B018-49D8-A0CE-0F95A7905D0C}.Debug|Win32.ActiveCfg = MT|Win32
		{D319ABBE-B018-49D8-A0CE-0F95A7905D0C}.Debug|Win32.Build.0 = MT|Win32
		{D319ABBE-B018-49D8-A0CE-0F95A7905D0C}.MD|Win32.ActiveCfg = MD|Win32
		{D319ABBE-B018-49D8-A0CE-0F95A7905D0C}.MD|Win32.Build.0 = MD|Win32
		{D319ABBE-B018-49D8-A0CE-0F95A7905D0C}.MDd|Win32.ActiveCfg = MDd|Win32
		{D319ABBE-B018-49D8-A0CE-0F95A7905D0C}.MDd|Win32.Build.0 = MDd|Win32
		{D319ABBE-B018-49D8-A0CE-0F95A7905D0C}.MT|Win32.ActiveCfg = MT|Win32
		{D319ABBE-B018-49D8-A0CE-0F95A7905D0C}.MT|Win32.Build.0 = MT|Win32
		{D319ABBE-B018-49D8-A0CE-0F95A7905D0C}.MTd|Win32.ActiveCfg = MTd|Win32
		{D319ABBE-B018-49D8-A0CE-0F95A7905D0C}.MTd|Win32.Build.0 = MTd|Win32
		{D319ABBE-B018-49D8-A0CE-0F95A7905D0C}.Release|Win32.ActiveCfg = MT|Win32
		{D319ABBE-B018-49D8-A0CE-0F95A7905D0C}.Release|Win32.Build.0 = MT|Win32
		{2BCD9DC3-51F0-4ED9-AFC2-31CC6C1B29EB}.Debug|Win32.ActiveCfg = Debug|Win32
		{2BCD9DC3-51F0-4ED9-AFC2-31CC6C1B29EB}.Debug|Win32.Build.0 = Debug|Win32
		{2BCD9DC3-51F0-4ED9-AFC2-31CC6C1B29EB}.MD|Win32.ActiveCfg = Release|Win32
		{2BCD9DC3-51F0-4ED9-AFC2-31CC6C1B29EB}.MD|Win32.Build.0 = Release|Win32
		{2BCD9DC3-51F0-4ED9-AFC2-31CC6C1B29EB}.MDd|Win32.ActiveCfg = Debug|Win32
		{2BCD9DC3-51F0-4ED9-AFC2-31CC6C1B29EB}.MDd|Win32.Build.0 = Debug|Win32
		{2BCD9DC3-51F0-4ED9-AFC2-31CC6C1B29EB}.MT|Win32.ActiveCfg = Debug|Win32
		{2BCD9DC3-51F0-4ED9-AFC2-31CC6C1B29EB}.MT|Win32.Build.0 = Debug|Win32
		{2BCD9DC3-51F0-4ED9-AFC2-31CC6C1B29EB}.MTd|Win32.ActiveCfg = Debug|Win32
		{2BCD9DC3-51F0-4ED9-AFC2-31CC6C1B29EB}.MTd|Win32.Build.0 = Debug|Win32
		{2BCD9DC3-51F0-4ED9-AFC2-31CC6C1B29EB}.Release|Win32.ActiveCfg = Release|Win32
		{2BCD9DC3-51F0-4ED9-AFC2-31CC6C1B29EB}.Release|Win32.Build.0 = Release|Win32
	EndGlobalSection
	GlobalSection(SolutionProperties) = preSolution
		HideSolutionNode = FALSE
	EndGlobalSection
EndGlobal
