
Microsoft Visual Studio Solution File, Format Version 10.00
# Visual Studio 2008
Project("{8BC9CEB8-8B4A-11D0-8D11-00A0C91BC942}") = "UniCore", "UniCore\UniCore.vcproj", "{DB29D200-F23C-47D5-A1D1-B1B645F5F138}"
EndProject
Global
	GlobalSection(SolutionConfigurationPlatforms) = preSolution
		MD|Win32 = MD|Win32
		MDd|Win32 = MDd|Win32
		MT|Win32 = MT|Win32
		MTd|Win32 = MTd|Win32
	EndGlobalSection
	GlobalSection(ProjectConfigurationPlatforms) = postSolution
		{DB29D200-F23C-47D5-A1D1-B1B645F5F138}.MD|Win32.ActiveCfg = MD|Win32
		{DB29D200-F23C-47D5-A1D1-B1B645F5F138}.MD|Win32.Build.0 = MD|Win32
		{DB29D200-F23C-47D5-A1D1-B1B645F5F138}.MDd|Win32.ActiveCfg = MDd|Win32
		{DB29D200-F23C-47D5-A1D1-B1B645F5F138}.MDd|Win32.Build.0 = MDd|Win32
		{DB29D200-F23C-47D5-A1D1-B1B645F5F138}.MT|Win32.ActiveCfg = MT|Win32
		{DB29D200-F23C-47D5-A1D1-B1B645F5F138}.MT|Win32.Build.0 = MT|Win32
		{DB29D200-F23C-47D5-A1D1-B1B645F5F138}.MTd|Win32.ActiveCfg = MTd|Win32
		{DB29D200-F23C-47D5-A1D1-B1B645F5F138}.MTd|Win32.Build.0 = MTd|Win32
	EndGlobalSection
	GlobalSection(SolutionProperties) = preSolution
		HideSolutionNode = FALSE
	EndGlobalSection
EndGlobal
